// !$*UTF8*$!
{
	archiveVersion = 1;
	classes = {
	};
	objectVersion = 46;
	objects = {

/* Begin PBXFileReference section */
		35A0A3BE1B09ECDE0020DE95 /* ARMZ80_todo.txt */ = {isa = PBXFileReference; fileEncoding = 4; lastKnownFileType = text; path = ARMZ80_todo.txt; sourceTree = "<group>"; };
		35E683AD1C66453300FCFE8A /* cpu.h */ = {isa = PBXFileReference; fileEncoding = 4; lastKnownFileType = sourcecode.c.h; path = cpu.h; sourceTree = "<group>"; };
		35E683AF1C664A6D00FCFE8A /* io.h */ = {isa = PBXFileReference; fileEncoding = 4; lastKnownFileType = sourcecode.c.h; path = io.h; sourceTree = "<group>"; };
		746D78E114ED9A8400CC738F /* Makefile */ = {isa = PBXFileReference; explicitFileType = sourcecode.make; fileEncoding = 4; path = Makefile; sourceTree = "<group>"; };
		9C29495E2610854500EDA7C9 /* EmubaseAC.h */ = {isa = PBXFileReference; fileEncoding = 4; lastKnownFileType = sourcecode.c.h; path = EmubaseAC.h; sourceTree = "<group>"; };
		9C29495F2610854500EDA7C9 /* ArcadeRoms.h */ = {isa = PBXFileReference; fileEncoding = 4; lastKnownFileType = sourcecode.c.h; path = ArcadeRoms.h; sourceTree = "<group>"; };
		9C3D5AE325E4254A00E8CD56 /* History.txt */ = {isa = PBXFileReference; fileEncoding = 4; lastKnownFileType = text; path = History.txt; sourceTree = "<group>"; };
		9C3D5AE425E4254A00E8CD56 /* ARMZ80mac.h */ = {isa = PBXFileReference; fileEncoding = 4; lastKnownFileType = sourcecode.c.h; path = ARMZ80mac.h; sourceTree = "<group>"; };
		9C3D5AE525E4254B00E8CD56 /* ARMZ80.s */ = {isa = PBXFileReference; fileEncoding = 4; lastKnownFileType = sourcecode.asm; path = ARMZ80.s; sourceTree = "<group>"; };
		9C3D5AE625E4254B00E8CD56 /* ARMZ80.i */ = {isa = PBXFileReference; fileEncoding = 4; lastKnownFileType = sourcecode.c.c.preprocessed; path = ARMZ80.i; sourceTree = "<group>"; };
		9C3D5AE725E4254B00E8CD56 /* Version.h */ = {isa = PBXFileReference; fileEncoding = 4; lastKnownFileType = sourcecode.c.h; path = Version.h; sourceTree = "<group>"; };
		9C3D5AE825E4254B00E8CD56 /* ARMZ80.h */ = {isa = PBXFileReference; fileEncoding = 4; lastKnownFileType = sourcecode.c.h; path = ARMZ80.h; sourceTree = "<group>"; };
		9C4C21D326E51111007D0280 /* README.md */ = {isa = PBXFileReference; fileEncoding = 4; lastKnownFileType = net.daringfireball.markdown; path = README.md; sourceTree = "<group>"; };
		9C4C21D426E51292007D0280 /* README.md */ = {isa = PBXFileReference; fileEncoding = 4; lastKnownFileType = net.daringfireball.markdown; path = README.md; sourceTree = "<group>"; };
		9C4C21D526E5129B007D0280 /* README.md */ = {isa = PBXFileReference; fileEncoding = 4; lastKnownFileType = net.daringfireball.markdown; path = README.md; sourceTree = "<group>"; };
		9C4C21D626E512A4007D0280 /* README.md */ = {isa = PBXFileReference; fileEncoding = 4; lastKnownFileType = net.daringfireball.markdown; path = README.md; sourceTree = "<group>"; };
		9C4C21D726E512AB007D0280 /* README.md */ = {isa = PBXFileReference; fileEncoding = 4; lastKnownFileType = net.daringfireball.markdown; path = README.md; sourceTree = "<group>"; };
		9C50822D25D48EE800A8E1BA /* Equates.h */ = {isa = PBXFileReference; fileEncoding = 4; lastKnownFileType = sourcecode.c.h; path = Equates.h; sourceTree = "<group>"; };
		9C50822E25D48F2A00A8E1BA /* Gui.h */ = {isa = PBXFileReference; fileEncoding = 4; lastKnownFileType = sourcecode.c.h; path = Gui.h; sourceTree = "<group>"; };
		9C50822F25D48F2A00A8E1BA /* Main.c */ = {isa = PBXFileReference; fileEncoding = 4; lastKnownFileType = sourcecode.c.c; path = Main.c; sourceTree = "<group>"; };
		9C50823025D48F2A00A8E1BA /* Main.h */ = {isa = PBXFileReference; fileEncoding = 4; lastKnownFileType = sourcecode.c.h; path = Main.h; sourceTree = "<group>"; };
		9C50823125D48F2A00A8E1BA /* Gui.c */ = {isa = PBXFileReference; fileEncoding = 4; lastKnownFileType = sourcecode.c.c; path = Gui.c; sourceTree = "<group>"; };
		9C50823225D48F2A00A8E1BA /* Cart.h */ = {isa = PBXFileReference; fileEncoding = 4; lastKnownFileType = sourcecode.c.h; path = Cart.h; sourceTree = "<group>"; };
		9C50823325D48F2A00A8E1BA /* Cart.s */ = {isa = PBXFileReference; fileEncoding = 4; lastKnownFileType = sourcecode.asm; path = Cart.s; sourceTree = "<group>"; };
		9C50823425D48F5A00A8E1BA /* Sound.h */ = {isa = PBXFileReference; fileEncoding = 4; lastKnownFileType = sourcecode.c.h; path = Sound.h; sourceTree = "<group>"; };
		9C50823525D48F5A00A8E1BA /* Gfx.h */ = {isa = PBXFileReference; fileEncoding = 4; lastKnownFileType = sourcecode.c.h; path = Gfx.h; sourceTree = "<group>"; };
		9C50823625D48F5A00A8E1BA /* Sound.s */ = {isa = PBXFileReference; fileEncoding = 4; lastKnownFileType = sourcecode.asm; path = Sound.s; sourceTree = "<group>"; };
		9C50823725D48F5B00A8E1BA /* Gfx.s */ = {isa = PBXFileReference; fileEncoding = 4; lastKnownFileType = sourcecode.asm; path = Gfx.s; sourceTree = "<group>"; };
		9C50823825D48F7400A8E1BA /* Memory.s */ = {isa = PBXFileReference; fileEncoding = 4; lastKnownFileType = sourcecode.asm; path = Memory.s; sourceTree = "<group>"; };
		9C50823925D48F7400A8E1BA /* FileHandling.c */ = {isa = PBXFileReference; fileEncoding = 4; lastKnownFileType = sourcecode.c.c; path = FileHandling.c; sourceTree = "<group>"; };
		9C50823A25D48F7400A8E1BA /* FileHandling.h */ = {isa = PBXFileReference; fileEncoding = 4; lastKnownFileType = sourcecode.c.h; path = FileHandling.h; sourceTree = "<group>"; };
		9C7BB96B2600D15B00EA9C9C /* PunchOut.c */ = {isa = PBXFileReference; fileEncoding = 4; lastKnownFileType = sourcecode.c.c; path = PunchOut.c; sourceTree = "<group>"; };
		9C7BB96C2600D15B00EA9C9C /* PunchOut.h */ = {isa = PBXFileReference; fileEncoding = 4; lastKnownFileType = sourcecode.c.h; path = PunchOut.h; sourceTree = "<group>"; };
		9C7BB97326012B3D00EA9C9C /* EmuFont.grit */ = {isa = PBXFileReference; fileEncoding = 4; lastKnownFileType = text; path = EmuFont.grit; sourceTree = "<group>"; };
		9C7BB97426012B3D00EA9C9C /* EmuFont.png */ = {isa = PBXFileReference; lastKnownFileType = image.png; path = EmuFont.png; sourceTree = "<group>"; };
		9C8F3400248ACB7600996E5A /* nds_asm.h */ = {isa = PBXFileReference; fileEncoding = 4; lastKnownFileType = sourcecode.c.h; path = nds_asm.h; sourceTree = "<group>"; };
		9CBEE0D126EDE85B0095347A /* EmuSettings.h */ = {isa = PBXFileReference; fileEncoding = 4; lastKnownFileType = sourcecode.c.h; path = EmuSettings.h; sourceTree = "<group>"; };
		9CBEE11426F3C2100095347A /* VLM503Asm.s */ = {isa = PBXFileReference; fileEncoding = 4; lastKnownFileType = sourcecode.asm; path = VLM503Asm.s; sourceTree = "<group>"; };
		A41716F2208BCF2D00EA6CA1 /* punchout.cpp */ = {isa = PBXFileReference; fileEncoding = 4; lastKnownFileType = sourcecode.cpp.cpp; path = punchout.cpp; sourceTree = "<group>"; };
		A41716F3208BCF2D00EA6CA1 /* punchoutVideo.cpp */ = {isa = PBXFileReference; fileEncoding = 4; lastKnownFileType = sourcecode.cpp.cpp; path = punchoutVideo.cpp; sourceTree = "<group>"; };
		A4171727208C83A300EA6CA1 /* version.h */ = {isa = PBXFileReference; fileEncoding = 4; lastKnownFileType = sourcecode.c.h; path = version.h; sourceTree = "<group>"; };
		A4171728208C83A300EA6CA1 /* history.txt */ = {isa = PBXFileReference; fileEncoding = 4; lastKnownFileType = text; path = history.txt; sourceTree = "<group>"; };
		A417172A208C83A300EA6CA1 /* M6502mac.h */ = {isa = PBXFileReference; fileEncoding = 4; lastKnownFileType = sourcecode.c.h; path = M6502mac.h; sourceTree = "<group>"; };
		A417172B208C83A300EA6CA1 /* M6502.h */ = {isa = PBXFileReference; fileEncoding = 4; lastKnownFileType = sourcecode.c.h; path = M6502.h; sourceTree = "<group>"; };
		A417172C208C83A300EA6CA1 /* M6502.s */ = {isa = PBXFileReference; fileEncoding = 4; lastKnownFileType = sourcecode.asm; path = M6502.s; sourceTree = "<group>"; };
		A417172D208CB3F600EA6CA1 /* ARM6502_todo.txt */ = {isa = PBXFileReference; fileEncoding = 4; lastKnownFileType = text; path = ARM6502_todo.txt; sourceTree = "<group>"; };
		A417172E208D048400EA6CA1 /* PUVideo.h */ = {isa = PBXFileReference; fileEncoding = 4; lastKnownFileType = sourcecode.c.h; path = PUVideo.h; sourceTree = "<group>"; };
		A417172F208D048400EA6CA1 /* PUVideo.i */ = {isa = PBXFileReference; fileEncoding = 4; lastKnownFileType = sourcecode.c.c.preprocessed; path = PUVideo.i; sourceTree = "<group>"; };
		A4171730208D048500EA6CA1 /* PUVideo.s */ = {isa = PBXFileReference; fileEncoding = 4; lastKnownFileType = sourcecode.asm; path = PUVideo.s; sourceTree = "<group>"; };
		A43603182093094700EB6D23 /* RP5C01.h */ = {isa = PBXFileReference; fileEncoding = 4; lastKnownFileType = sourcecode.c.h; path = RP5C01.h; sourceTree = "<group>"; };
		A43603192093094800EB6D23 /* RP5C01.s */ = {isa = PBXFileReference; fileEncoding = 4; lastKnownFileType = sourcecode.asm; path = RP5C01.s; sourceTree = "<group>"; };
		A47AFF1920DFAC200081DB4E /* vlm5030.c */ = {isa = PBXFileReference; fileEncoding = 4; lastKnownFileType = sourcecode.c.c; lineEnding = 0; path = vlm5030.c; sourceTree = "<group>"; };
		A47AFF1A20DFAC200081DB4E /* vlm5030.h */ = {isa = PBXFileReference; fileEncoding = 4; lastKnownFileType = sourcecode.c.h; lineEnding = 0; path = vlm5030.h; sourceTree = "<group>"; };
		A47F092820863384004E1DA6 /* EmuMenu.h */ = {isa = PBXFileReference; fileEncoding = 4; lastKnownFileType = sourcecode.c.h; path = EmuMenu.h; sourceTree = "<group>"; };
		A47F092920863384004E1DA6 /* EmuMenu.c */ = {isa = PBXFileReference; fileEncoding = 4; lastKnownFileType = sourcecode.c.c; path = EmuMenu.c; sourceTree = "<group>"; };
		A47F095E2087BFC0004E1DA6 /* unzipnds.c */ = {isa = PBXFileReference; fileEncoding = 4; lastKnownFileType = sourcecode.c.c; path = unzipnds.c; sourceTree = "<group>"; };
		A47F095F2087BFC0004E1DA6 /* puff.h */ = {isa = PBXFileReference; fileEncoding = 4; lastKnownFileType = sourcecode.c.h; path = puff.h; sourceTree = "<group>"; };
		A47F09602087BFC0004E1DA6 /* unzipnds.h */ = {isa = PBXFileReference; fileEncoding = 4; lastKnownFileType = sourcecode.c.h; path = unzipnds.h; sourceTree = "<group>"; };
		A47F09612087BFC0004E1DA6 /* puff.c */ = {isa = PBXFileReference; fileEncoding = 4; lastKnownFileType = sourcecode.c.c; path = puff.c; sourceTree = "<group>"; };
		A47F09622087BFC0004E1DA6 /* crc32.c */ = {isa = PBXFileReference; fileEncoding = 4; lastKnownFileType = sourcecode.c.c; path = crc32.c; sourceTree = "<group>"; };
		A47F09632087BFC0004E1DA6 /* crc32.h */ = {isa = PBXFileReference; fileEncoding = 4; lastKnownFileType = sourcecode.c.h; path = crc32.h; sourceTree = "<group>"; };
		A47F09642087BFC0004E1DA6 /* FileHelper.h */ = {isa = PBXFileReference; fileEncoding = 4; lastKnownFileType = sourcecode.c.h; path = FileHelper.h; sourceTree = "<group>"; };
		A47F09652087BFC1004E1DA6 /* FileHelper.c */ = {isa = PBXFileReference; fileEncoding = 4; lastKnownFileType = sourcecode.c.c; path = FileHelper.c; sourceTree = "<group>"; };
		A47FEA7B20F4E31900D47785 /* N2A03.h */ = {isa = PBXFileReference; fileEncoding = 4; lastKnownFileType = sourcecode.c.h; path = N2A03.h; sourceTree = "<group>"; };
		A47FEA7C20F4E31900D47785 /* N2A03.s */ = {isa = PBXFileReference; fileEncoding = 4; lastKnownFileType = sourcecode.asm; path = N2A03.s; sourceTree = "<group>"; };
		A47FEA7D20F4E31900D47785 /* N2A03.i */ = {isa = PBXFileReference; explicitFileType = sourcecode.asm; fileEncoding = 4; path = N2A03.i; sourceTree = "<group>"; };
		A47FEA7E20F522A700D47785 /* Version.h */ = {isa = PBXFileReference; fileEncoding = 4; lastKnownFileType = sourcecode.c.h; path = Version.h; sourceTree = "<group>"; };
		A47FEA7F20F522A700D47785 /* History.txt */ = {isa = PBXFileReference; fileEncoding = 4; lastKnownFileType = text; path = History.txt; sourceTree = "<group>"; };
		A47FEA8020F522A700D47785 /* N2A03_todo.txt */ = {isa = PBXFileReference; fileEncoding = 4; lastKnownFileType = text; path = N2A03_todo.txt; sourceTree = "<group>"; };
		A47FEA8120F5235100D47785 /* Version.h */ = {isa = PBXFileReference; fileEncoding = 4; lastKnownFileType = sourcecode.c.h; path = Version.h; sourceTree = "<group>"; };
		A47FEA8220F5235100D47785 /* History.txt */ = {isa = PBXFileReference; fileEncoding = 4; lastKnownFileType = text; path = History.txt; sourceTree = "<group>"; };
		A47FEA8320F5235100D47785 /* VLM5030_todo.txt */ = {isa = PBXFileReference; fileEncoding = 4; lastKnownFileType = text; path = VLM5030_todo.txt; sourceTree = "<group>"; };
		A49D34381757E54900BD9B4B /* cpu.s */ = {isa = PBXFileReference; fileEncoding = 4; lastKnownFileType = sourcecode.asm; path = cpu.s; sourceTree = "<group>"; };
		A49D34401757E54900BD9B4B /* io.s */ = {isa = PBXFileReference; fileEncoding = 4; lastKnownFileType = sourcecode.asm; path = io.s; sourceTree = "<group>"; };
		A4AA02141B04077F0043E4D4 /* History.txt */ = {isa = PBXFileReference; fileEncoding = 4; lastKnownFileType = text; path = History.txt; sourceTree = "<group>"; };
		A4C265FA20A4D5BD003A2426 /* M6502.i */ = {isa = PBXFileReference; fileEncoding = 4; lastKnownFileType = sourcecode.c.c.preprocessed; path = M6502.i; sourceTree = "<group>"; };
		A4D0E1222089E5EE00401463 /* AsmExtra.s */ = {isa = PBXFileReference; fileEncoding = 4; lastKnownFileType = sourcecode.asm; path = AsmExtra.s; sourceTree = "<group>"; };
		A4D0E1232089E5EE00401463 /* AsmExtra.h */ = {isa = PBXFileReference; fileEncoding = 4; lastKnownFileType = sourcecode.c.h; path = AsmExtra.h; sourceTree = "<group>"; };
		A4DA29B117651A3800810B12 /* PunchOutDS_todo.txt */ = {isa = PBXFileReference; fileEncoding = 4; lastKnownFileType = text; path = PunchOutDS_todo.txt; sourceTree = "<group>"; };
/* End PBXFileReference section */

/* Begin PBXGroup section */
		350E1C3418AFB50800074DD5 /* graphics */ = {
			isa = PBXGroup;
			children = (
			);
			path = graphics;
			sourceTree = "<group>";
		};
		742141B214E7EA40003EBFD3 = {
			isa = PBXGroup;
			children = (
				A4DA29B117651A3800810B12 /* PunchOutDS_todo.txt */,
				A4AA02141B04077F0043E4D4 /* History.txt */,
				9C4C21D326E51111007D0280 /* README.md */,
				A42D026C205FEDD800515C72 /* Docs */,
				746D78E014ED9A6D00CC738F /* makefile */,
				A48CC0251618E65200465E20 /* source */,
				350E1C3418AFB50800074DD5 /* graphics */,
			);
			sourceTree = "<group>";
			usesTabs = 1;
			wrapsLines = 0;
		};
		746D78E014ED9A6D00CC738F /* makefile */ = {
			isa = PBXGroup;
			children = (
				746D78E114ED9A8400CC738F /* Makefile */,
			);
			name = makefile;
			sourceTree = "<group>";
		};
		9C7BB97226012B3D00EA9C9C /* graphics */ = {
			isa = PBXGroup;
			children = (
				9C7BB97326012B3D00EA9C9C /* EmuFont.grit */,
				9C7BB97426012B3D00EA9C9C /* EmuFont.png */,
			);
			path = graphics;
			sourceTree = "<group>";
		};
		A4171726208C83A300EA6CA1 /* ARM6502 */ = {
			isa = PBXGroup;
			children = (
				9C4C21D526E5129B007D0280 /* README.md */,
				A417172D208CB3F600EA6CA1 /* ARM6502_todo.txt */,
				A4171728208C83A300EA6CA1 /* history.txt */,
				A4171727208C83A300EA6CA1 /* version.h */,
				A417172B208C83A300EA6CA1 /* M6502.h */,
				A4C265FA20A4D5BD003A2426 /* M6502.i */,
				A417172A208C83A300EA6CA1 /* M6502mac.h */,
				A417172C208C83A300EA6CA1 /* M6502.s */,
			);
			path = ARM6502;
			sourceTree = "<group>";
		};
		A42D026C205FEDD800515C72 /* Docs */ = {
			isa = PBXGroup;
			children = (
				A41716F2208BCF2D00EA6CA1 /* punchout.cpp */,
				A41716F3208BCF2D00EA6CA1 /* punchoutVideo.cpp */,
			);
			path = Docs;
			sourceTree = "<group>";
		};
		A47AFF1820DFAC200081DB4E /* VLM5030 */ = {
			isa = PBXGroup;
			children = (
				9C4C21D726E512AB007D0280 /* README.md */,
				A47FEA8320F5235100D47785 /* VLM5030_todo.txt */,
				A47FEA8220F5235100D47785 /* History.txt */,
				A47FEA8120F5235100D47785 /* Version.h */,
				9CBEE11426F3C2100095347A /* VLM503Asm.s */,
				A47AFF1A20DFAC200081DB4E /* vlm5030.h */,
				A47AFF1920DFAC200081DB4E /* vlm5030.c */,
			);
			path = VLM5030;
			sourceTree = "<group>";
		};
		A47F092720863384004E1DA6 /* Shared */ = {
			isa = PBXGroup;
			children = (
				9C7BB97226012B3D00EA9C9C /* graphics */,
				A47F095D2087BFC0004E1DA6 /* Unzip */,
				9C8F3400248ACB7600996E5A /* nds_asm.h */,
				9CBEE0D126EDE85B0095347A /* EmuSettings.h */,
				A47F092820863384004E1DA6 /* EmuMenu.h */,
				A47F092920863384004E1DA6 /* EmuMenu.c */,
				A47F09642087BFC0004E1DA6 /* FileHelper.h */,
				A47F09652087BFC1004E1DA6 /* FileHelper.c */,
				A47F09632087BFC0004E1DA6 /* crc32.h */,
				A47F09622087BFC0004E1DA6 /* crc32.c */,
				A4D0E1232089E5EE00401463 /* AsmExtra.h */,
				A4D0E1222089E5EE00401463 /* AsmExtra.s */,
				9C29495E2610854500EDA7C9 /* EmubaseAC.h */,
				9C29495F2610854500EDA7C9 /* ArcadeRoms.h */,
			);
			path = Shared;
			sourceTree = "<group>";
		};
		A47F095D2087BFC0004E1DA6 /* Unzip */ = {
			isa = PBXGroup;
			children = (
				A47F095F2087BFC0004E1DA6 /* puff.h */,
				A47F09612087BFC0004E1DA6 /* puff.c */,
				A47F09602087BFC0004E1DA6 /* unzipnds.h */,
				A47F095E2087BFC0004E1DA6 /* unzipnds.c */,
			);
			path = Unzip;
			sourceTree = "<group>";
		};
		A47FEA7A20F4E31900D47785 /* N2A03 */ = {
			isa = PBXGroup;
			children = (
				9C4C21D626E512A4007D0280 /* README.md */,
				A47FEA8020F522A700D47785 /* N2A03_todo.txt */,
				A47FEA7F20F522A700D47785 /* History.txt */,
				A47FEA7E20F522A700D47785 /* Version.h */,
				A47FEA7B20F4E31900D47785 /* N2A03.h */,
				A47FEA7D20F4E31900D47785 /* N2A03.i */,
				A47FEA7C20F4E31900D47785 /* N2A03.s */,
			);
			path = N2A03;
			sourceTree = "<group>";
		};
		A48CC0251618E65200465E20 /* source */ = {
			isa = PBXGroup;
			children = (
				A49D34311757E54900BD9B4B /* ARMZ80 */,
				A4171726208C83A300EA6CA1 /* ARM6502 */,
				A47FEA7A20F4E31900D47785 /* N2A03 */,
				A47AFF1820DFAC200081DB4E /* VLM5030 */,
				A47F092720863384004E1DA6 /* Shared */,
				9C50822D25D48EE800A8E1BA /* Equates.h */,
				9C50823025D48F2A00A8E1BA /* Main.h */,
				9C50822F25D48F2A00A8E1BA /* Main.c */,
				9C50822E25D48F2A00A8E1BA /* Gui.h */,
				9C50823125D48F2A00A8E1BA /* Gui.c */,
				9C7BB96C2600D15B00EA9C9C /* PunchOut.h */,
				9C7BB96B2600D15B00EA9C9C /* PunchOut.c */,
				9C50823225D48F2A00A8E1BA /* Cart.h */,
				9C50823325D48F2A00A8E1BA /* Cart.s */,
				35E683AD1C66453300FCFE8A /* cpu.h */,
				A49D34381757E54900BD9B4B /* cpu.s */,
				35E683AF1C664A6D00FCFE8A /* io.h */,
				A49D34401757E54900BD9B4B /* io.s */,
				A43603182093094700EB6D23 /* RP5C01.h */,
				A43603192093094800EB6D23 /* RP5C01.s */,
				9C50823425D48F5A00A8E1BA /* Sound.h */,
				9C50823625D48F5A00A8E1BA /* Sound.s */,
				9C50823525D48F5A00A8E1BA /* Gfx.h */,
				9C50823725D48F5B00A8E1BA /* Gfx.s */,
				A417172E208D048400EA6CA1 /* PUVideo.h */,
				A417172F208D048400EA6CA1 /* PUVideo.i */,
				A4171730208D048500EA6CA1 /* PUVideo.s */,
				9C50823825D48F7400A8E1BA /* Memory.s */,
				9C50823A25D48F7400A8E1BA /* FileHandling.h */,
				9C50823925D48F7400A8E1BA /* FileHandling.c */,
			);
			path = source;
			sourceTree = "<group>";
		};
		A49D34311757E54900BD9B4B /* ARMZ80 */ = {
			isa = PBXGroup;
			children = (
				9C4C21D426E51292007D0280 /* README.md */,
				35A0A3BE1B09ECDE0020DE95 /* ARMZ80_todo.txt */,
				9C3D5AE325E4254A00E8CD56 /* History.txt */,
				9C3D5AE725E4254B00E8CD56 /* Version.h */,
				9C3D5AE825E4254B00E8CD56 /* ARMZ80.h */,
				9C3D5AE625E4254B00E8CD56 /* ARMZ80.i */,
				9C3D5AE425E4254A00E8CD56 /* ARMZ80mac.h */,
				9C3D5AE525E4254B00E8CD56 /* ARMZ80.s */,
			);
			path = ARMZ80;
			sourceTree = "<group>";
		};
/* End PBXGroup section */

/* Begin PBXLegacyTarget section */
		A45BB8C91618FB840009569D /* PunchOutDS */ = {
			isa = PBXLegacyTarget;
			buildArgumentsString = "$(ACTION)";
			buildConfigurationList = A45BB8CC1618FB840009569D /* Build configuration list for PBXLegacyTarget "PunchOutDS" */;
			buildPhases = (
			);
			buildToolPath = /usr/bin/make;
			dependencies = (
			);
			name = PunchOutDS;
			passBuildSettingsInEnvironment = 1;
			productName = NitroGrafx;
		};
/* End PBXLegacyTarget section */

/* Begin PBXProject section */
		742141B414E7EA40003EBFD3 /* Project object */ = {
			isa = PBXProject;
			attributes = {
				LastUpgradeCheck = 0410;
			};
			buildConfigurationList = 742141B714E7EA40003EBFD3 /* Build configuration list for PBXProject "PunchOutDS" */;
			compatibilityVersion = "Xcode 3.2";
			developmentRegion = en;
			hasScannedForEncodings = 0;
			knownRegions = (
				en,
				Base,
			);
			mainGroup = 742141B214E7EA40003EBFD3;
			projectDirPath = "";
			projectRoot = "";
			targets = (
				A45BB8C91618FB840009569D /* PunchOutDS */,
			);
		};
/* End PBXProject section */

/* Begin XCBuildConfiguration section */
		742141B514E7EA40003EBFD3 /* Debug */ = {
			isa = XCBuildConfiguration;
			buildSettings = {
			};
			name = Debug;
		};
		742141B614E7EA40003EBFD3 /* Release */ = {
			isa = XCBuildConfiguration;
			buildSettings = {
			};
			name = Release;
		};
		A45BB8CA1618FB840009569D /* Debug */ = {
			isa = XCBuildConfiguration;
			buildSettings = {
				DEVKITARM = $DEVKITPRO/devkitarm;
				DEVKITPRO = /opt/devkitpro;
				PRODUCT_NAME = PunchOutDS;
			};
			name = Debug;
		};
		A45BB8CB1618FB840009569D /* Release */ = {
			isa = XCBuildConfiguration;
			buildSettings = {
				DEVKITARM = $DEVKITPRO/devkitarm;
				DEVKITPRO = /opt/devkitpro;
				PRODUCT_NAME = PunchOutDS;
			};
			name = Release;
		};
/* End XCBuildConfiguration section */

/* Begin XCConfigurationList section */
		742141B714E7EA40003EBFD3 /* Build configuration list for PBXProject "PunchOutDS" */ = {
			isa = XCConfigurationList;
			buildConfigurations = (
				742141B514E7EA40003EBFD3 /* Debug */,
				742141B614E7EA40003EBFD3 /* Release */,
			);
			defaultConfigurationIsVisible = 0;
			defaultConfigurationName = Release;
		};
		A45BB8CC1618FB840009569D /* Build configuration list for PBXLegacyTarget "PunchOutDS" */ = {
			isa = XCConfigurationList;
			buildConfigurations = (
				A45BB8CA1618FB840009569D /* Debug */,
				A45BB8CB1618FB840009569D /* Release */,
			);
			defaultConfigurationIsVisible = 0;
			defaultConfigurationName = Release;
		};
/* End XCConfigurationList section */
	};
	rootObject = 742141B414E7EA40003EBFD3 /* Project object */;
}
